
Microsoft Visual Studio Solution File, Format Version 12.00
# Visual Studio 15
VisualStudioVersion = 15.0.28010.2016
MinimumVisualStudioVersion = 10.0.40219.1
Project("{FAE04EC0-301F-11D3-BF4B-00C04F79EFBC}") = "GameProject", "GameProject.csproj", "{D815A882-A8D5-4076-B5BE-5D95C189E0BC}"
EndProject
Global
	GlobalSection(SolutionConfigurationPlatforms) = preSolution
		Debug|ARM = Debug|ARM
		Debug|x64 = Debug|x64
		Debug|x86 = Debug|x86
		Release|ARM = Release|ARM
		Release|x64 = Release|x64
		Release|x86 = Release|x86
	EndGlobalSection
	GlobalSection(ProjectConfigurationPlatforms) = postSolution
		{D815A882-A8D5-4076-B5BE-5D95C189E0BC}.Debug|ARM.ActiveCfg = Debug|ARM
		{D815A882-A8D5-4076-B5BE-5D95C189E0BC}.Debug|ARM.Build.0 = Debug|ARM
		{D815A882-A8D5-4076-B5BE-5D95C189E0BC}.Debug|ARM.Deploy.0 = Debug|ARM
		{D815A882-A8D5-4076-B5BE-5D95C189E0BC}.Debug|x64.ActiveCfg = Debug|x64
		{D815A882-A8D5-4076-B5BE-5D95C189E0BC}.Debug|x64.Build.0 = Debug|x64
		{D815A882-A8D5-4076-B5BE-5D95C189E0BC}.Debug|x64.Deploy.0 = Debug|x64
		{D815A882-A8D5-4076-B5BE-5D95C189E0BC}.Debug|x86.ActiveCfg = Debug|x86
		{D815A882-A8D5-4076-B5BE-5D95C189E0BC}.Debug|x86.Build.0 = Debug|x86
		{D815A882-A8D5-4076-B5BE-5D95C189E0BC}.Debug|x86.Deploy.0 = Debug|x86
		{D815A882-A8D5-4076-B5BE-5D95C189E0BC}.Release|ARM.ActiveCfg = Release|ARM
		{D815A882-A8D5-4076-B5BE-5D95C189E0BC}.Release|ARM.Build.0 = Release|ARM
		{D815A882-A8D5-4076-B5BE-5D95C189E0BC}.Release|ARM.Deploy.0 = Release|ARM
		{D815A882-A8D5-4076-B5BE-5D95C189E0BC}.Release|x64.ActiveCfg = Release|x64
		{D815A882-A8D5-4076-B5BE-5D95C189E0BC}.Release|x64.Build.0 = Release|x64
		{D815A882-A8D5-4076-B5BE-5D95C189E0BC}.Release|x64.Deploy.0 = Release|x64
		{D815A882-A8D5-4076-B5BE-5D95C189E0BC}.Release|x86.ActiveCfg = Release|x86
		{D815A882-A8D5-4076-B5BE-5D95C189E0BC}.Release|x86.Build.0 = Release|x86
		{D815A882-A8D5-4076-B5BE-5D95C189E0BC}.Release|x86.Deploy.0 = Release|x86
	EndGlobalSection
	GlobalSection(SolutionProperties) = preSolution
		HideSolutionNode = FALSE
	EndGlobalSection
	GlobalSection(ExtensibilityGlobals) = postSolution
		SolutionGuid = {D074E3F2-F118-4667-BB67-573ECF00146D}
	EndGlobalSection
EndGlobal
